
Microsoft Visual Studio Solution File, Format Version 12.00
# Visual Studio 2013
VisualStudioVersion = 12.0.30110.0
MinimumVisualStudioVersion = 10.0.40219.1
Project("{8BC9CEB8-8B4A-11D0-8D11-00A0C91BC942}") = "PatchMP4Moov", "PatchMoov.vcxproj", "{CC169EEF-7AE9-4A63-8183-8DEF779EF2CB}"
EndProject
Global
	GlobalSection(SolutionConfigurationPlatforms) = preSolution
		Debug|Win32 = Debug|Win32
		Release|Win32 = Release|Win32
	EndGlobalSection
	GlobalSection(ProjectConfigurationPlatforms) = postSolution
		{CC169EEF-7AE9-4A63-8183-8DEF779EF2CB}.Debug|Win32.ActiveCfg = Debug|Win32
		{CC169EEF-7AE9-4A63-8183-8DEF779EF2CB}.Debug|Win32.Build.0 = Debug|Win32
		{CC169EEF-7AE9-4A63-8183-8DEF779EF2CB}.Release|Win32.ActiveCfg = Release|Win32
		{CC169EEF-7AE9-4A63-8183-8DEF779EF2CB}.Release|Win32.Build.0 = Release|Win32
	EndGlobalSection
	GlobalSection(SolutionProperties) = preSolution
		HideSolutionNode = FALSE
	EndGlobalSection
EndGlobal
